
Microsoft Visual Studio Solution File, Format Version 12.00
# Visual Studio Version 17
VisualStudioVersion = 17.5.002.0
MinimumVisualStudioVersion = 10.0.40219.1
Project("{9A19103F-16F7-4668-BE54-9A1E7A4F7556}") = "Task1", "Task1.csproj", "{89493DB5-5E2B-4476-9844-90399B16299E}"
EndProject
Global
	GlobalSection(SolutionConfigurationPlatforms) = preSolution
		Debug|Any CPU = Debug|Any CPU
		Release|Any CPU = Release|Any CPU
	EndGlobalSection
	GlobalSection(ProjectConfigurationPlatforms) = postSolution
		{89493DB5-5E2B-4476-9844-90399B16299E}.Debug|Any CPU.ActiveCfg = Debug|Any CPU
		{89493DB5-5E2B-4476-9844-90399B16299E}.Debug|Any CPU.Build.0 = Debug|Any CPU
		{89493DB5-5E2B-4476-9844-90399B16299E}.Release|Any CPU.ActiveCfg = Release|Any CPU
		{89493DB5-5E2B-4476-9844-90399B16299E}.Release|Any CPU.Build.0 = Release|Any CPU
	EndGlobalSection
	GlobalSection(SolutionProperties) = preSolution
		HideSolutionNode = FALSE
	EndGlobalSection
	GlobalSection(ExtensibilityGlobals) = postSolution
		SolutionGuid = {7D642B99-FC7C-4245-AB66-B3AA983009DA}
	EndGlobalSection
EndGlobal
